
Microsoft Visual Studio Solution File, Format Version 12.00
# Visual Studio Version 16
VisualStudioVersion = 16.0.30907.101
MinimumVisualStudioVersion = 10.0.40219.1
Project("{9A19103F-16F7-4668-BE54-9A1E7A4F7556}") = "Business", "Business\Business.csproj", "{9B9956EB-E490-4425-AE09-20934B09D106}"
EndProject
Project("{9A19103F-16F7-4668-BE54-9A1E7A4F7556}") = "DataAccess", "DataAccess\DataAccess.csproj", "{87D76C7E-EFC2-455E-A670-DC7D7B613D5F}"
EndProject
Project("{9A19103F-16F7-4668-BE54-9A1E7A4F7556}") = "Entities", "Entities\Entities.csproj", "{4233FA8A-B2BA-4997-AA09-C8237D82ABC3}"
EndProject
Project("{9A19103F-16F7-4668-BE54-9A1E7A4F7556}") = "ConsoleUI", "ConsoleUI\ConsoleUI.csproj", "{B81B3F72-34A7-4321-AD81-C070AA5B075F}"
EndProject
Project("{9A19103F-16F7-4668-BE54-9A1E7A4F7556}") = "Core", "Core\Core.csproj", "{97C5015F-AA15-47C5-A8BF-BC47543629D3}"
EndProject
Project("{FAE04EC0-301F-11D3-BF4B-00C04F79EFBC}") = "WebAPI", "WebAPI\WebAPI.csproj", "{4FB775ED-CAD3-4160-8391-5525EB19CD5E}"
EndProject
Global
	GlobalSection(SolutionConfigurationPlatforms) = preSolution
		Debug|Any CPU = Debug|Any CPU
		Release|Any CPU = Release|Any CPU
	EndGlobalSection
	GlobalSection(ProjectConfigurationPlatforms) = postSolution
		{9B9956EB-E490-4425-AE09-20934B09D106}.Debug|Any CPU.ActiveCfg = Debug|Any CPU
		{9B9956EB-E490-4425-AE09-20934B09D106}.Debug|Any CPU.Build.0 = Debug|Any CPU
		{9B9956EB-E490-4425-AE09-20934B09D106}.Release|Any CPU.ActiveCfg = Release|Any CPU
		{9B9956EB-E490-4425-AE09-20934B09D106}.Release|Any CPU.Build.0 = Release|Any CPU
		{87D76C7E-EFC2-455E-A670-DC7D7B613D5F}.Debug|Any CPU.ActiveCfg = Debug|Any CPU
		{87D76C7E-EFC2-455E-A670-DC7D7B613D5F}.Debug|Any CPU.Build.0 = Debug|Any CPU
		{87D76C7E-EFC2-455E-A670-DC7D7B613D5F}.Release|Any CPU.ActiveCfg = Release|Any CPU
		{87D76C7E-EFC2-455E-A670-DC7D7B613D5F}.Release|Any CPU.Build.0 = Release|Any CPU
		{4233FA8A-B2BA-4997-AA09-C8237D82ABC3}.Debug|Any CPU.ActiveCfg = Debug|Any CPU
		{4233FA8A-B2BA-4997-AA09-C8237D82ABC3}.Debug|Any CPU.Build.0 = Debug|Any CPU
		{4233FA8A-B2BA-4997-AA09-C8237D82ABC3}.Release|Any CPU.ActiveCfg = Release|Any CPU
		{4233FA8A-B2BA-4997-AA09-C8237D82ABC3}.Release|Any CPU.Build.0 = Release|Any CPU
		{B81B3F72-34A7-4321-AD81-C070AA5B075F}.Debug|Any CPU.ActiveCfg = Debug|Any CPU
		{B81B3F72-34A7-4321-AD81-C070AA5B075F}.Debug|Any CPU.Build.0 = Debug|Any CPU
		{B81B3F72-34A7-4321-AD81-C070AA5B075F}.Release|Any CPU.ActiveCfg = Release|Any CPU
		{B81B3F72-34A7-4321-AD81-C070AA5B075F}.Release|Any CPU.Build.0 = Release|Any CPU
		{97C5015F-AA15-47C5-A8BF-BC47543629D3}.Debug|Any CPU.ActiveCfg = Debug|Any CPU
		{97C5015F-AA15-47C5-A8BF-BC47543629D3}.Debug|Any CPU.Build.0 = Debug|Any CPU
		{97C5015F-AA15-47C5-A8BF-BC47543629D3}.Release|Any CPU.ActiveCfg = Release|Any CPU
		{97C5015F-AA15-47C5-A8BF-BC47543629D3}.Release|Any CPU.Build.0 = Release|Any CPU
		{4FB775ED-CAD3-4160-8391-5525EB19CD5E}.Debug|Any CPU.ActiveCfg = Debug|Any CPU
		{4FB775ED-CAD3-4160-8391-5525EB19CD5E}.Debug|Any CPU.Build.0 = Debug|Any CPU
		{4FB775ED-CAD3-4160-8391-5525EB19CD5E}.Release|Any CPU.ActiveCfg = Release|Any CPU
		{4FB775ED-CAD3-4160-8391-5525EB19CD5E}.Release|Any CPU.Build.0 = Release|Any CPU
	EndGlobalSection
	GlobalSection(SolutionProperties) = preSolution
		HideSolutionNode = FALSE
	EndGlobalSection
	GlobalSection(ExtensibilityGlobals) = postSolution
		SolutionGuid = {24294E49-1C0C-434A-A7C8-DA1533E299BD}
	EndGlobalSection
EndGlobal
